
Microsoft Visual Studio Solution File, Format Version 12.00
# Visual Studio Version 16
VisualStudioVersion = 16.0.29926.136
MinimumVisualStudioVersion = 10.0.40219.1
Project("{FAE04EC0-301F-11D3-BF4B-00C04F79EFBC}") = "WPL-Theory-Ass1", "WPL-Theory-Ass1.csproj", "{B4CD756E-E645-4621-A8D2-312AC856008F}"
EndProject
Global
	GlobalSection(SolutionConfigurationPlatforms) = preSolution
		Debug|Any CPU = Debug|Any CPU
		Release|Any CPU = Release|Any CPU
	EndGlobalSection
	GlobalSection(ProjectConfigurationPlatforms) = postSolution
		{B4CD756E-E645-4621-A8D2-312AC856008F}.Debug|Any CPU.ActiveCfg = Debug|Any CPU
		{B4CD756E-E645-4621-A8D2-312AC856008F}.Debug|Any CPU.Build.0 = Debug|Any CPU
		{B4CD756E-E645-4621-A8D2-312AC856008F}.Release|Any CPU.ActiveCfg = Release|Any CPU
		{B4CD756E-E645-4621-A8D2-312AC856008F}.Release|Any CPU.Build.0 = Release|Any CPU
	EndGlobalSection
	GlobalSection(SolutionProperties) = preSolution
		HideSolutionNode = FALSE
	EndGlobalSection
	GlobalSection(ExtensibilityGlobals) = postSolution
		SolutionGuid = {28793BDA-A9CF-4A2A-ADBF-C672E53E1704}
	EndGlobalSection
EndGlobal
